
Microsoft Visual Studio Solution File, Format Version 12.00
# Visual Studio 15
VisualStudioVersion = 15.0.27130.2026
MinimumVisualStudioVersion = 10.0.40219.1
Project("{FAE04EC0-301F-11D3-BF4B-00C04F79EFBC}") = "EbayCrawlerWPF", "EbayCrawlerWPF.csproj", "{2EA27849-E45F-4413-8A12-D15B2CC8773E}"
EndProject
Project("{FAE04EC0-301F-11D3-BF4B-00C04F79EFBC}") = "TestEbayCrawler", "..\TestEbayCrawler\TestEbayCrawler.csproj", "{D087DA5E-8446-4332-AD3E-7B9E8D269DC1}"
EndProject
Global
	GlobalSection(SolutionConfigurationPlatforms) = preSolution
		Debug|Any CPU = Debug|Any CPU
		Release|Any CPU = Release|Any CPU
	EndGlobalSection
	GlobalSection(ProjectConfigurationPlatforms) = postSolution
		{2EA27849-E45F-4413-8A12-D15B2CC8773E}.Debug|Any CPU.ActiveCfg = Debug|Any CPU
		{2EA27849-E45F-4413-8A12-D15B2CC8773E}.Debug|Any CPU.Build.0 = Debug|Any CPU
		{2EA27849-E45F-4413-8A12-D15B2CC8773E}.Release|Any CPU.ActiveCfg = Release|Any CPU
		{2EA27849-E45F-4413-8A12-D15B2CC8773E}.Release|Any CPU.Build.0 = Release|Any CPU
		{D087DA5E-8446-4332-AD3E-7B9E8D269DC1}.Debug|Any CPU.ActiveCfg = Debug|Any CPU
		{D087DA5E-8446-4332-AD3E-7B9E8D269DC1}.Debug|Any CPU.Build.0 = Debug|Any CPU
		{D087DA5E-8446-4332-AD3E-7B9E8D269DC1}.Release|Any CPU.ActiveCfg = Release|Any CPU
		{D087DA5E-8446-4332-AD3E-7B9E8D269DC1}.Release|Any CPU.Build.0 = Release|Any CPU
	EndGlobalSection
	GlobalSection(SolutionProperties) = preSolution
		HideSolutionNode = FALSE
	EndGlobalSection
	GlobalSection(ExtensibilityGlobals) = postSolution
		SolutionGuid = {AD305EEB-8B30-4E80-AEB0-E5BAD8AFDB4F}
	EndGlobalSection
EndGlobal
